PODS:
  - CNLFoundationTools (0.0.14)
  - CNLUIKitTools (0.0.15):
    - CNLFoundationTools

DEPENDENCIES:
  - CNLFoundationTools
  - CNLUIKitTools

SPEC CHECKSUMS:
  CNLFoundationTools: b693808ccdf02633e326c7fd6f547f5ced36ec6b
  CNLUIKitTools: 8db982586bbad936b6e331bc0b45b5892f0bfc62

PODFILE CHECKSUM: 9d435d28574cef7019c1c4612af0359f0e574240

COCOAPODS: 1.2.1
