PODS:
  - CNLFoundationTools (0.0.19)
  - CNLUIKitTools (0.0.19):
    - CNLFoundationTools

DEPENDENCIES:
  - CNLFoundationTools (= 0.0.19)
  - CNLUIKitTools

SPEC CHECKSUMS:
  CNLFoundationTools: 19a58645af98dd7e3041fb67d9310c4d80e2e640
  CNLUIKitTools: 1d3fcf64e2df89b0206e02e67526585b3c279c4e

PODFILE CHECKSUM: 3d7dd0400b3945a16c7ebe2aa25fd76e7973153d

COCOAPODS: 1.3.1
