PODS:
  - CNLFoundationTools (0.0.21)
  - CNLUIKitTools (0.0.20):
    - CNLFoundationTools

DEPENDENCIES:
  - CNLFoundationTools
  - CNLUIKitTools

SPEC CHECKSUMS:
  CNLFoundationTools: 9bfb1312923db4983b4a923beb01e6b28e9e4b90
  CNLUIKitTools: 054d8a7fcba89fbf31055bb06dc3e1518f6beabf

PODFILE CHECKSUM: 18c8592b01c1a6a9d2effcdef07aede7ed2d1a47

COCOAPODS: 1.4.0.beta.1
